github.com/emicklei/dot v1.6.0 h1:vUzuoVE8ipzS7QkES4UfxdpCwdU2U97m2Pb2tQCoYRY=
github.com/emicklei/dot v1.6.0/go.mod h1:DeV7GvQtIw4h2u73RKBkkFdvVAz0D9fzeJrgPW6gy/s=
golang.org/x/mod v0.14.0 h1:dGoOF9QVLYng8IHTm7BAyWqCqSheQ5pYWGhzW00YJr0=
golang.org/x/mod v0.14.0/go.mod h1:hTbmBsO62+eylJbnUtE2MGJUyE7QWk4xUqPFrRgJ+7c=
